
Microsoft Visual Studio Solution File, Format Version 12.00
# Visual Studio Version 17
VisualStudioVersion = 17.0.31903.59
MinimumVisualStudioVersion = 10.0.40219.1
Project("{FAE04EC0-301F-11D3-BF4B-00C04F79EFBC}") = "NoMistakes.Core", "src\NoMistakes.Core\NoMistakes.Core.csproj", "{6D0A99C4-8938-47D4-9B1A-6B5DE1E29222}"
EndProject
Project("{FAE04EC0-301F-11D3-BF4B-00C04F79EFBC}") = "NoMistakes.Cli", "src\NoMistakes.Cli\NoMistakes.Cli.csproj", "{B6914758-2C9C-47E4-8E57-2D5E74F9EF62}"
EndProject
Project("{FAE04EC0-301F-11D3-BF4B-00C04F79EFBC}") = "NoMistakes.Config", "src\NoMistakes.Config\NoMistakes.Config.csproj", "{3E2A1F5C-7B94-4D6E-A1C8-9F0B2D4E6A80}"
EndProject
Project("{FAE04EC0-301F-11D3-BF4B-00C04F79EFBC}") = "NoMistakes.Tests", "tests\NoMistakes.Tests\NoMistakes.Tests.csproj", "{56512783-E8F0-4DC9-9F05-6EA476FEF7E7}"
EndProject
Project("{2150E333-8FDC-42A3-9474-1A3956D46DE8}") = "src", "src", "{827E0CD3-B72D-47B6-A68D-7590B98EB39B}"
EndProject
Project("{FAE04EC0-301F-11D3-BF4B-00C04F79EFBC}") = "NoMistakes.Data", "src\NoMistakes.Data\NoMistakes.Data.csproj", "{564BA5A2-5203-4525-B90C-6C750E59C4F7}"
EndProject
Project("{FAE04EC0-301F-11D3-BF4B-00C04F79EFBC}") = "NoMistakes.Git", "src\NoMistakes.Git\NoMistakes.Git.csproj", "{7A1E9C2D-3B4F-4A5E-8C6D-1F2E3A4B5C6D}"
EndProject
Project("{FAE04EC0-301F-11D3-BF4B-00C04F79EFBC}") = "NoMistakes.Scm", "src\NoMistakes.Scm\NoMistakes.Scm.csproj", "{4F8D2B6A-1C3E-4E7B-9A5D-8E2F0C1B3D4E}"
EndProject
Project("{FAE04EC0-301F-11D3-BF4B-00C04F79EFBC}") = "NoMistakes.Processes", "src\NoMistakes.Processes\NoMistakes.Processes.csproj", "{8B2F0D3E-4C5A-4B6F-9D7E-2A3B4C5D6E7F}"
EndProject
Project("{FAE04EC0-301F-11D3-BF4B-00C04F79EFBC}") = "NoMistakes.Daemon", "src\NoMistakes.Daemon\NoMistakes.Daemon.csproj", "{8C2F4E6B-1D3A-4B5C-9E7F-3A1B2C4D5E6F}"
EndProject
Project("{FAE04EC0-301F-11D3-BF4B-00C04F79EFBC}") = "NoMistakes.Pipeline", "src\NoMistakes.Pipeline\NoMistakes.Pipeline.csproj", "{9D4A6B2C-3E5F-4A7D-8B1C-6E2F4A9D0B3C}"
EndProject
Project("{FAE04EC0-301F-11D3-BF4B-00C04F79EFBC}") = "NoMistakes.Pipeline.Steps", "src\NoMistakes.Pipeline.Steps\NoMistakes.Pipeline.Steps.csproj", "{A1B2C3D4-0010-4A7D-8B1C-6E2F4A9D0010}"
EndProject
Project("{FAE04EC0-301F-11D3-BF4B-00C04F79EFBC}") = "NoMistakes.Ipc", "src\NoMistakes.Ipc\NoMistakes.Ipc.csproj", "{5B7C3D9E-4A2F-4C6B-8D1E-2A0F3B5C7D9E}"
EndProject
Global
	GlobalSection(SolutionConfigurationPlatforms) = preSolution
		Debug|Any CPU = Debug|Any CPU
		Debug|x64 = Debug|x64
		Debug|x86 = Debug|x86
		Release|Any CPU = Release|Any CPU
		Release|x64 = Release|x64
		Release|x86 = Release|x86
	EndGlobalSection
	GlobalSection(ProjectConfigurationPlatforms) = postSolution
		{6D0A99C4-8938-47D4-9B1A-6B5DE1E29222}.Debug|Any CPU.ActiveCfg = Debug|Any CPU
		{6D0A99C4-8938-47D4-9B1A-6B5DE1E29222}.Debug|Any CPU.Build.0 = Debug|Any CPU
		{6D0A99C4-8938-47D4-9B1A-6B5DE1E29222}.Debug|x64.ActiveCfg = Debug|Any CPU
		{6D0A99C4-8938-47D4-9B1A-6B5DE1E29222}.Debug|x64.Build.0 = Debug|Any CPU
		{6D0A99C4-8938-47D4-9B1A-6B5DE1E29222}.Debug|x86.ActiveCfg = Debug|Any CPU
		{6D0A99C4-8938-47D4-9B1A-6B5DE1E29222}.Debug|x86.Build.0 = Debug|Any CPU
		{6D0A99C4-8938-47D4-9B1A-6B5DE1E29222}.Release|Any CPU.ActiveCfg = Release|Any CPU
		{6D0A99C4-8938-47D4-9B1A-6B5DE1E29222}.Release|Any CPU.Build.0 = Release|Any CPU
		{6D0A99C4-8938-47D4-9B1A-6B5DE1E29222}.Release|x64.ActiveCfg = Release|Any CPU
		{6D0A99C4-8938-47D4-9B1A-6B5DE1E29222}.Release|x64.Build.0 = Release|Any CPU
		{6D0A99C4-8938-47D4-9B1A-6B5DE1E29222}.Release|x86.ActiveCfg = Release|Any CPU
		{6D0A99C4-8938-47D4-9B1A-6B5DE1E29222}.Release|x86.Build.0 = Release|Any CPU
		{B6914758-2C9C-47E4-8E57-2D5E74F9EF62}.Debug|Any CPU.ActiveCfg = Debug|Any CPU
		{B6914758-2C9C-47E4-8E57-2D5E74F9EF62}.Debug|Any CPU.Build.0 = Debug|Any CPU
		{B6914758-2C9C-47E4-8E57-2D5E74F9EF62}.Debug|x64.ActiveCfg = Debug|Any CPU
		{B6914758-2C9C-47E4-8E57-2D5E74F9EF62}.Debug|x64.Build.0 = Debug|Any CPU
		{B6914758-2C9C-47E4-8E57-2D5E74F9EF62}.Debug|x86.ActiveCfg = Debug|Any CPU
		{B6914758-2C9C-47E4-8E57-2D5E74F9EF62}.Debug|x86.Build.0 = Debug|Any CPU
		{B6914758-2C9C-47E4-8E57-2D5E74F9EF62}.Release|Any CPU.ActiveCfg = Release|Any CPU
		{B6914758-2C9C-47E4-8E57-2D5E74F9EF62}.Release|Any CPU.Build.0 = Release|Any CPU
		{B6914758-2C9C-47E4-8E57-2D5E74F9EF62}.Release|x64.ActiveCfg = Release|Any CPU
		{B6914758-2C9C-47E4-8E57-2D5E74F9EF62}.Release|x64.Build.0 = Release|Any CPU
		{B6914758-2C9C-47E4-8E57-2D5E74F9EF62}.Release|x86.ActiveCfg = Release|Any CPU
		{B6914758-2C9C-47E4-8E57-2D5E74F9EF62}.Release|x86.Build.0 = Release|Any CPU
		{3E2A1F5C-7B94-4D6E-A1C8-9F0B2D4E6A80}.Debug|Any CPU.ActiveCfg = Debug|Any CPU
		{3E2A1F5C-7B94-4D6E-A1C8-9F0B2D4E6A80}.Debug|Any CPU.Build.0 = Debug|Any CPU
		{3E2A1F5C-7B94-4D6E-A1C8-9F0B2D4E6A80}.Debug|x64.ActiveCfg = Debug|Any CPU
		{3E2A1F5C-7B94-4D6E-A1C8-9F0B2D4E6A80}.Debug|x64.Build.0 = Debug|Any CPU
		{3E2A1F5C-7B94-4D6E-A1C8-9F0B2D4E6A80}.Debug|x86.ActiveCfg = Debug|Any CPU
		{3E2A1F5C-7B94-4D6E-A1C8-9F0B2D4E6A80}.Debug|x86.Build.0 = Debug|Any CPU
		{3E2A1F5C-7B94-4D6E-A1C8-9F0B2D4E6A80}.Release|Any CPU.ActiveCfg = Release|Any CPU
		{3E2A1F5C-7B94-4D6E-A1C8-9F0B2D4E6A80}.Release|Any CPU.Build.0 = Release|Any CPU
		{3E2A1F5C-7B94-4D6E-A1C8-9F0B2D4E6A80}.Release|x64.ActiveCfg = Release|Any CPU
		{3E2A1F5C-7B94-4D6E-A1C8-9F0B2D4E6A80}.Release|x64.Build.0 = Release|Any CPU
		{3E2A1F5C-7B94-4D6E-A1C8-9F0B2D4E6A80}.Release|x86.ActiveCfg = Release|Any CPU
		{3E2A1F5C-7B94-4D6E-A1C8-9F0B2D4E6A80}.Release|x86.Build.0 = Release|Any CPU
		{56512783-E8F0-4DC9-9F05-6EA476FEF7E7}.Debug|Any CPU.ActiveCfg = Debug|Any CPU
		{56512783-E8F0-4DC9-9F05-6EA476FEF7E7}.Debug|Any CPU.Build.0 = Debug|Any CPU
		{56512783-E8F0-4DC9-9F05-6EA476FEF7E7}.Debug|x64.ActiveCfg = Debug|Any CPU
		{56512783-E8F0-4DC9-9F05-6EA476FEF7E7}.Debug|x64.Build.0 = Debug|Any CPU
		{56512783-E8F0-4DC9-9F05-6EA476FEF7E7}.Debug|x86.ActiveCfg = Debug|Any CPU
		{56512783-E8F0-4DC9-9F05-6EA476FEF7E7}.Debug|x86.Build.0 = Debug|Any CPU
		{56512783-E8F0-4DC9-9F05-6EA476FEF7E7}.Release|Any CPU.ActiveCfg = Release|Any CPU
		{56512783-E8F0-4DC9-9F05-6EA476FEF7E7}.Release|Any CPU.Build.0 = Release|Any CPU
		{56512783-E8F0-4DC9-9F05-6EA476FEF7E7}.Release|x64.ActiveCfg = Release|Any CPU
		{56512783-E8F0-4DC9-9F05-6EA476FEF7E7}.Release|x64.Build.0 = Release|Any CPU
		{56512783-E8F0-4DC9-9F05-6EA476FEF7E7}.Release|x86.ActiveCfg = Release|Any CPU
		{56512783-E8F0-4DC9-9F05-6EA476FEF7E7}.Release|x86.Build.0 = Release|Any CPU
		{564BA5A2-5203-4525-B90C-6C750E59C4F7}.Debug|Any CPU.ActiveCfg = Debug|Any CPU
		{564BA5A2-5203-4525-B90C-6C750E59C4F7}.Debug|Any CPU.Build.0 = Debug|Any CPU
		{564BA5A2-5203-4525-B90C-6C750E59C4F7}.Debug|x64.ActiveCfg = Debug|Any CPU
		{564BA5A2-5203-4525-B90C-6C750E59C4F7}.Debug|x64.Build.0 = Debug|Any CPU
		{564BA5A2-5203-4525-B90C-6C750E59C4F7}.Debug|x86.ActiveCfg = Debug|Any CPU
		{564BA5A2-5203-4525-B90C-6C750E59C4F7}.Debug|x86.Build.0 = Debug|Any CPU
		{564BA5A2-5203-4525-B90C-6C750E59C4F7}.Release|Any CPU.ActiveCfg = Release|Any CPU
		{564BA5A2-5203-4525-B90C-6C750E59C4F7}.Release|Any CPU.Build.0 = Release|Any CPU
		{564BA5A2-5203-4525-B90C-6C750E59C4F7}.Release|x64.ActiveCfg = Release|Any CPU
		{564BA5A2-5203-4525-B90C-6C750E59C4F7}.Release|x64.Build.0 = Release|Any CPU
		{564BA5A2-5203-4525-B90C-6C750E59C4F7}.Release|x86.ActiveCfg = Release|Any CPU
		{564BA5A2-5203-4525-B90C-6C750E59C4F7}.Release|x86.Build.0 = Release|Any CPU
		{7A1E9C2D-3B4F-4A5E-8C6D-1F2E3A4B5C6D}.Debug|Any CPU.ActiveCfg = Debug|Any CPU
		{7A1E9C2D-3B4F-4A5E-8C6D-1F2E3A4B5C6D}.Debug|Any CPU.Build.0 = Debug|Any CPU
		{7A1E9C2D-3B4F-4A5E-8C6D-1F2E3A4B5C6D}.Debug|x64.ActiveCfg = Debug|Any CPU
		{7A1E9C2D-3B4F-4A5E-8C6D-1F2E3A4B5C6D}.Debug|x64.Build.0 = Debug|Any CPU
		{7A1E9C2D-3B4F-4A5E-8C6D-1F2E3A4B5C6D}.Debug|x86.ActiveCfg = Debug|Any CPU
		{7A1E9C2D-3B4F-4A5E-8C6D-1F2E3A4B5C6D}.Debug|x86.Build.0 = Debug|Any CPU
		{7A1E9C2D-3B4F-4A5E-8C6D-1F2E3A4B5C6D}.Release|Any CPU.ActiveCfg = Release|Any CPU
		{7A1E9C2D-3B4F-4A5E-8C6D-1F2E3A4B5C6D}.Release|Any CPU.Build.0 = Release|Any CPU
		{7A1E9C2D-3B4F-4A5E-8C6D-1F2E3A4B5C6D}.Release|x64.ActiveCfg = Release|Any CPU
		{7A1E9C2D-3B4F-4A5E-8C6D-1F2E3A4B5C6D}.Release|x64.Build.0 = Release|Any CPU
		{7A1E9C2D-3B4F-4A5E-8C6D-1F2E3A4B5C6D}.Release|x86.ActiveCfg = Release|Any CPU
		{7A1E9C2D-3B4F-4A5E-8C6D-1F2E3A4B5C6D}.Release|x86.Build.0 = Release|Any CPU
		{4F8D2B6A-1C3E-4E7B-9A5D-8E2F0C1B3D4E}.Debug|Any CPU.ActiveCfg = Debug|Any CPU
		{4F8D2B6A-1C3E-4E7B-9A5D-8E2F0C1B3D4E}.Debug|Any CPU.Build.0 = Debug|Any CPU
		{4F8D2B6A-1C3E-4E7B-9A5D-8E2F0C1B3D4E}.Debug|x64.ActiveCfg = Debug|Any CPU
		{4F8D2B6A-1C3E-4E7B-9A5D-8E2F0C1B3D4E}.Debug|x64.Build.0 = Debug|Any CPU
		{4F8D2B6A-1C3E-4E7B-9A5D-8E2F0C1B3D4E}.Debug|x86.ActiveCfg = Debug|Any CPU
		{4F8D2B6A-1C3E-4E7B-9A5D-8E2F0C1B3D4E}.Debug|x86.Build.0 = Debug|Any CPU
		{4F8D2B6A-1C3E-4E7B-9A5D-8E2F0C1B3D4E}.Release|Any CPU.ActiveCfg = Release|Any CPU
		{4F8D2B6A-1C3E-4E7B-9A5D-8E2F0C1B3D4E}.Release|Any CPU.Build.0 = Release|Any CPU
		{4F8D2B6A-1C3E-4E7B-9A5D-8E2F0C1B3D4E}.Release|x64.ActiveCfg = Release|Any CPU
		{4F8D2B6A-1C3E-4E7B-9A5D-8E2F0C1B3D4E}.Release|x64.Build.0 = Release|Any CPU
		{4F8D2B6A-1C3E-4E7B-9A5D-8E2F0C1B3D4E}.Release|x86.ActiveCfg = Release|Any CPU
		{4F8D2B6A-1C3E-4E7B-9A5D-8E2F0C1B3D4E}.Release|x86.Build.0 = Release|Any CPU
		{8B2F0D3E-4C5A-4B6F-9D7E-2A3B4C5D6E7F}.Debug|Any CPU.ActiveCfg = Debug|Any CPU
		{8B2F0D3E-4C5A-4B6F-9D7E-2A3B4C5D6E7F}.Debug|Any CPU.Build.0 = Debug|Any CPU
		{8B2F0D3E-4C5A-4B6F-9D7E-2A3B4C5D6E7F}.Debug|x64.ActiveCfg = Debug|Any CPU
		{8B2F0D3E-4C5A-4B6F-9D7E-2A3B4C5D6E7F}.Debug|x64.Build.0 = Debug|Any CPU
		{8B2F0D3E-4C5A-4B6F-9D7E-2A3B4C5D6E7F}.Debug|x86.ActiveCfg = Debug|Any CPU
		{8B2F0D3E-4C5A-4B6F-9D7E-2A3B4C5D6E7F}.Debug|x86.Build.0 = Debug|Any CPU
		{8B2F0D3E-4C5A-4B6F-9D7E-2A3B4C5D6E7F}.Release|Any CPU.ActiveCfg = Release|Any CPU
		{8B2F0D3E-4C5A-4B6F-9D7E-2A3B4C5D6E7F}.Release|Any CPU.Build.0 = Release|Any CPU
		{8B2F0D3E-4C5A-4B6F-9D7E-2A3B4C5D6E7F}.Release|x64.ActiveCfg = Release|Any CPU
		{8B2F0D3E-4C5A-4B6F-9D7E-2A3B4C5D6E7F}.Release|x64.Build.0 = Release|Any CPU
		{8B2F0D3E-4C5A-4B6F-9D7E-2A3B4C5D6E7F}.Release|x86.ActiveCfg = Release|Any CPU
		{8B2F0D3E-4C5A-4B6F-9D7E-2A3B4C5D6E7F}.Release|x86.Build.0 = Release|Any CPU
		{5B7C3D9E-4A2F-4C6B-8D1E-2A0F3B5C7D9E}.Debug|Any CPU.ActiveCfg = Debug|Any CPU
		{5B7C3D9E-4A2F-4C6B-8D1E-2A0F3B5C7D9E}.Debug|Any CPU.Build.0 = Debug|Any CPU
		{5B7C3D9E-4A2F-4C6B-8D1E-2A0F3B5C7D9E}.Debug|x64.ActiveCfg = Debug|Any CPU
		{5B7C3D9E-4A2F-4C6B-8D1E-2A0F3B5C7D9E}.Debug|x64.Build.0 = Debug|Any CPU
		{5B7C3D9E-4A2F-4C6B-8D1E-2A0F3B5C7D9E}.Debug|x86.ActiveCfg = Debug|Any CPU
		{5B7C3D9E-4A2F-4C6B-8D1E-2A0F3B5C7D9E}.Debug|x86.Build.0 = Debug|Any CPU
		{5B7C3D9E-4A2F-4C6B-8D1E-2A0F3B5C7D9E}.Release|Any CPU.ActiveCfg = Release|Any CPU
		{5B7C3D9E-4A2F-4C6B-8D1E-2A0F3B5C7D9E}.Release|Any CPU.Build.0 = Release|Any CPU
		{5B7C3D9E-4A2F-4C6B-8D1E-2A0F3B5C7D9E}.Release|x64.ActiveCfg = Release|Any CPU
		{5B7C3D9E-4A2F-4C6B-8D1E-2A0F3B5C7D9E}.Release|x64.Build.0 = Release|Any CPU
		{5B7C3D9E-4A2F-4C6B-8D1E-2A0F3B5C7D9E}.Release|x86.ActiveCfg = Release|Any CPU
		{5B7C3D9E-4A2F-4C6B-8D1E-2A0F3B5C7D9E}.Release|x86.Build.0 = Release|Any CPU
		{8C2F4E6B-1D3A-4B5C-9E7F-3A1B2C4D5E6F}.Debug|Any CPU.ActiveCfg = Debug|Any CPU
		{8C2F4E6B-1D3A-4B5C-9E7F-3A1B2C4D5E6F}.Debug|Any CPU.Build.0 = Debug|Any CPU
		{8C2F4E6B-1D3A-4B5C-9E7F-3A1B2C4D5E6F}.Debug|x64.ActiveCfg = Debug|Any CPU
		{8C2F4E6B-1D3A-4B5C-9E7F-3A1B2C4D5E6F}.Debug|x64.Build.0 = Debug|Any CPU
		{8C2F4E6B-1D3A-4B5C-9E7F-3A1B2C4D5E6F}.Debug|x86.ActiveCfg = Debug|Any CPU
		{8C2F4E6B-1D3A-4B5C-9E7F-3A1B2C4D5E6F}.Debug|x86.Build.0 = Debug|Any CPU
		{8C2F4E6B-1D3A-4B5C-9E7F-3A1B2C4D5E6F}.Release|Any CPU.ActiveCfg = Release|Any CPU
		{8C2F4E6B-1D3A-4B5C-9E7F-3A1B2C4D5E6F}.Release|Any CPU.Build.0 = Release|Any CPU
		{8C2F4E6B-1D3A-4B5C-9E7F-3A1B2C4D5E6F}.Release|x64.ActiveCfg = Release|Any CPU
		{8C2F4E6B-1D3A-4B5C-9E7F-3A1B2C4D5E6F}.Release|x64.Build.0 = Release|Any CPU
		{8C2F4E6B-1D3A-4B5C-9E7F-3A1B2C4D5E6F}.Release|x86.ActiveCfg = Release|Any CPU
		{8C2F4E6B-1D3A-4B5C-9E7F-3A1B2C4D5E6F}.Release|x86.Build.0 = Release|Any CPU
		{9D4A6B2C-3E5F-4A7D-8B1C-6E2F4A9D0B3C}.Debug|Any CPU.ActiveCfg = Debug|Any CPU
		{9D4A6B2C-3E5F-4A7D-8B1C-6E2F4A9D0B3C}.Debug|Any CPU.Build.0 = Debug|Any CPU
		{9D4A6B2C-3E5F-4A7D-8B1C-6E2F4A9D0B3C}.Debug|x64.ActiveCfg = Debug|Any CPU
		{9D4A6B2C-3E5F-4A7D-8B1C-6E2F4A9D0B3C}.Debug|x64.Build.0 = Debug|Any CPU
		{9D4A6B2C-3E5F-4A7D-8B1C-6E2F4A9D0B3C}.Debug|x86.ActiveCfg = Debug|Any CPU
		{9D4A6B2C-3E5F-4A7D-8B1C-6E2F4A9D0B3C}.Debug|x86.Build.0 = Debug|Any CPU
		{9D4A6B2C-3E5F-4A7D-8B1C-6E2F4A9D0B3C}.Release|Any CPU.ActiveCfg = Release|Any CPU
		{9D4A6B2C-3E5F-4A7D-8B1C-6E2F4A9D0B3C}.Release|Any CPU.Build.0 = Release|Any CPU
		{9D4A6B2C-3E5F-4A7D-8B1C-6E2F4A9D0B3C}.Release|x64.ActiveCfg = Release|Any CPU
		{9D4A6B2C-3E5F-4A7D-8B1C-6E2F4A9D0B3C}.Release|x64.Build.0 = Release|Any CPU
		{9D4A6B2C-3E5F-4A7D-8B1C-6E2F4A9D0B3C}.Release|x86.ActiveCfg = Release|Any CPU
		{9D4A6B2C-3E5F-4A7D-8B1C-6E2F4A9D0B3C}.Release|x86.Build.0 = Release|Any CPU
		{A1B2C3D4-0010-4A7D-8B1C-6E2F4A9D0010}.Debug|Any CPU.ActiveCfg = Debug|Any CPU
		{A1B2C3D4-0010-4A7D-8B1C-6E2F4A9D0010}.Debug|Any CPU.Build.0 = Debug|Any CPU
		{A1B2C3D4-0010-4A7D-8B1C-6E2F4A9D0010}.Debug|x64.ActiveCfg = Debug|Any CPU
		{A1B2C3D4-0010-4A7D-8B1C-6E2F4A9D0010}.Debug|x64.Build.0 = Debug|Any CPU
		{A1B2C3D4-0010-4A7D-8B1C-6E2F4A9D0010}.Debug|x86.ActiveCfg = Debug|Any CPU
		{A1B2C3D4-0010-4A7D-8B1C-6E2F4A9D0010}.Debug|x86.Build.0 = Debug|Any CPU
		{A1B2C3D4-0010-4A7D-8B1C-6E2F4A9D0010}.Release|Any CPU.ActiveCfg = Release|Any CPU
		{A1B2C3D4-0010-4A7D-8B1C-6E2F4A9D0010}.Release|Any CPU.Build.0 = Release|Any CPU
		{A1B2C3D4-0010-4A7D-8B1C-6E2F4A9D0010}.Release|x64.ActiveCfg = Release|Any CPU
		{A1B2C3D4-0010-4A7D-8B1C-6E2F4A9D0010}.Release|x64.Build.0 = Release|Any CPU
		{A1B2C3D4-0010-4A7D-8B1C-6E2F4A9D0010}.Release|x86.ActiveCfg = Release|Any CPU
		{A1B2C3D4-0010-4A7D-8B1C-6E2F4A9D0010}.Release|x86.Build.0 = Release|Any CPU
	EndGlobalSection
	GlobalSection(SolutionProperties) = preSolution
		HideSolutionNode = FALSE
	EndGlobalSection
	GlobalSection(NestedProjects) = preSolution
		{4F8D2B6A-1C3E-4E7B-9A5D-8E2F0C1B3D4E} = {827E0CD3-B72D-47B6-A68D-7590B98EB39B}
		{9D4A6B2C-3E5F-4A7D-8B1C-6E2F4A9D0B3C} = {827E0CD3-B72D-47B6-A68D-7590B98EB39B}
		{A1B2C3D4-0010-4A7D-8B1C-6E2F4A9D0010} = {827E0CD3-B72D-47B6-A68D-7590B98EB39B}
		{564BA5A2-5203-4525-B90C-6C750E59C4F7} = {827E0CD3-B72D-47B6-A68D-7590B98EB39B}
		{7A1E9C2D-3B4F-4A5E-8C6D-1F2E3A4B5C6D} = {827E0CD3-B72D-47B6-A68D-7590B98EB39B}
		{8B2F0D3E-4C5A-4B6F-9D7E-2A3B4C5D6E7F} = {827E0CD3-B72D-47B6-A68D-7590B98EB39B}
		{5B7C3D9E-4A2F-4C6B-8D1E-2A0F3B5C7D9E} = {827E0CD3-B72D-47B6-A68D-7590B98EB39B}
		{8C2F4E6B-1D3A-4B5C-9E7F-3A1B2C4D5E6F} = {827E0CD3-B72D-47B6-A68D-7590B98EB39B}
	EndGlobalSection
EndGlobal
